
Microsoft Visual Studio Solution File, Format Version 12.00
# Visual Studio Version 17
VisualStudioVersion = 17.5.33424.131
MinimumVisualStudioVersion = 10.0.40219.1
Project("{9A19103F-16F7-4668-BE54-9A1E7A4F7556}") = "5eCombatTracker", "5eCombatTracker\5eCombatTracker.csproj", "{AA663581-8DDD-44A2-825E-C7D8502F1EC0}"
EndProject
Project("{FAE04EC0-301F-11D3-BF4B-00C04F79EFBC}") = "5eCombatTrackerTests", "5eCombatTrackerTests\5eCombatTrackerTests.csproj", "{A65E0CC5-B696-4D04-BC32-BDB9BD5A3365}"
EndProject
Global
	GlobalSection(SolutionConfigurationPlatforms) = preSolution
		Debug|Any CPU = Debug|Any CPU
		Release|Any CPU = Release|Any CPU
	EndGlobalSection
	GlobalSection(ProjectConfigurationPlatforms) = postSolution
		{AA663581-8DDD-44A2-825E-C7D8502F1EC0}.Debug|Any CPU.ActiveCfg = Debug|Any CPU
		{AA663581-8DDD-44A2-825E-C7D8502F1EC0}.Debug|Any CPU.Build.0 = Debug|Any CPU
		{AA663581-8DDD-44A2-825E-C7D8502F1EC0}.Release|Any CPU.ActiveCfg = Release|Any CPU
		{AA663581-8DDD-44A2-825E-C7D8502F1EC0}.Release|Any CPU.Build.0 = Release|Any CPU
		{A65E0CC5-B696-4D04-BC32-BDB9BD5A3365}.Debug|Any CPU.ActiveCfg = Debug|Any CPU
		{A65E0CC5-B696-4D04-BC32-BDB9BD5A3365}.Debug|Any CPU.Build.0 = Debug|Any CPU
		{A65E0CC5-B696-4D04-BC32-BDB9BD5A3365}.Release|Any CPU.ActiveCfg = Release|Any CPU
		{A65E0CC5-B696-4D04-BC32-BDB9BD5A3365}.Release|Any CPU.Build.0 = Release|Any CPU
	EndGlobalSection
	GlobalSection(SolutionProperties) = preSolution
		HideSolutionNode = FALSE
	EndGlobalSection
	GlobalSection(ExtensibilityGlobals) = postSolution
		SolutionGuid = {123BABC9-B7AB-42AF-9F3A-675960B78EC3}
	EndGlobalSection
EndGlobal
